
Microsoft Visual Studio Solution File, Format Version 12.00
# Visual Studio Version 16
VisualStudioVersion = 16.0.28407.52
MinimumVisualStudioVersion = 10.0.40219.1
Project("{FAE04EC0-301F-11D3-BF4B-00C04F79EFBC}") = "Weather", "Weather\Weather.csproj", "{2F60EB40-4F7E-4288-AAA1-F090559ADAB1}"
EndProject
Global
	GlobalSection(SolutionConfigurationPlatforms) = preSolution
		Debug|Any CPU = Debug|Any CPU
		Release|Any CPU = Release|Any CPU
	EndGlobalSection
	GlobalSection(ProjectConfigurationPlatforms) = postSolution
		{2F60EB40-4F7E-4288-AAA1-F090559ADAB1}.Debug|Any CPU.ActiveCfg = Debug|Any CPU
		{2F60EB40-4F7E-4288-AAA1-F090559ADAB1}.Debug|Any CPU.Build.0 = Debug|Any CPU
		{2F60EB40-4F7E-4288-AAA1-F090559ADAB1}.Release|Any CPU.ActiveCfg = Release|Any CPU
		{2F60EB40-4F7E-4288-AAA1-F090559ADAB1}.Release|Any CPU.Build.0 = Release|Any CPU
	EndGlobalSection
	GlobalSection(SolutionProperties) = preSolution
		HideSolutionNode = FALSE
	EndGlobalSection
	GlobalSection(ExtensibilityGlobals) = postSolution
		SolutionGuid = {10E28CF3-3A86-47EA-AC69-16571941DA15}
	EndGlobalSection
EndGlobal
